// !$*UTF8*$!
{
	archiveVersion = 1;
	classes = {
	};
	objectVersion = 56;
	objects = {

/* Begin PBXBuildFile section */
		D00494D529B9097E00B3249E /* AppDelegate.swift in Sources */ = {isa = PBXBuildFile; fileRef = D00494D429B9097E00B3249E /* AppDelegate.swift */; };
		D00494D729B9097E00B3249E /* SceneDelegate.swift in Sources */ = {isa = PBXBuildFile; fileRef = D00494D629B9097E00B3249E /* SceneDelegate.swift */; };
		D00494D929B9097E00B3249E /* ViewController.swift in Sources */ = {isa = PBXBuildFile; fileRef = D00494D829B9097E00B3249E /* ViewController.swift */; };
		D00494DC29B9097E00B3249E /* Main.storyboard in Resources */ = {isa = PBXBuildFile; fileRef = D00494DA29B9097E00B3249E /* Main.storyboard */; };
		D00494DE29B9098000B3249E /* Assets.xcassets in Resources */ = {isa = PBXBuildFile; fileRef = D00494DD29B9098000B3249E /* Assets.xcassets */; };
		D00494E129B9098000B3249E /* LaunchScreen.storyboard in Resources */ = {isa = PBXBuildFile; fileRef = D00494DF29B9098000B3249E /* LaunchScreen.storyboard */; };
		D00494FE29B9124500B3249E /* testEdu1UITests.swift in Sources */ = {isa = PBXBuildFile; fileRef = D00494FD29B9124500B3249E /* testEdu1UITests.swift */; };
/* End PBXBuildFile section */

/* Begin PBXContainerItemProxy section */
		D004950129B9124500B3249E /* PBXContainerItemProxy */ = {
			isa = PBXContainerItemProxy;
			containerPortal = D00494C929B9097E00B3249E /* Project object */;
			proxyType = 1;
			remoteGlobalIDString = D00494D029B9097E00B3249E;
			remoteInfo = testEdu1;
		};
/* End PBXContainerItemProxy section */

/* Begin PBXFileReference section */
		D00494D129B9097E00B3249E /* testEdu1.app */ = {isa = PBXFileReference; explicitFileType = wrapper.application; includeInIndex = 0; path = testEdu1.app; sourceTree = BUILT_PRODUCTS_DIR; };
		D00494D429B9097E00B3249E /* AppDelegate.swift */ = {isa = PBXFileReference; lastKnownFileType = sourcecode.swift; path = AppDelegate.swift; sourceTree = "<group>"; };
		D00494D629B9097E00B3249E /* SceneDelegate.swift */ = {isa = PBXFileReference; lastKnownFileType = sourcecode.swift; path = SceneDelegate.swift; sourceTree = "<group>"; };
		D00494D829B9097E00B3249E /* ViewController.swift */ = {isa = PBXFileReference; lastKnownFileType = sourcecode.swift; path = ViewController.swift; sourceTree = "<group>"; };
		D00494DB29B9097E00B3249E /* Base */ = {isa = PBXFileReference; lastKnownFileType = file.storyboard; name = Base; path = Base.lproj/Main.storyboard; sourceTree = "<group>"; };
		D00494DD29B9098000B3249E /* Assets.xcassets */ = {isa = PBXFileReference; lastKnownFileType = folder.assetcatalog; path = Assets.xcassets; sourceTree = "<group>"; };
		D00494E029B9098000B3249E /* Base */ = {isa = PBXFileReference; lastKnownFileType = file.storyboard; name = Base; path = Base.lproj/LaunchScreen.storyboard; sourceTree = "<group>"; };
		D00494E229B9098000B3249E /* Info.plist */ = {isa = PBXFileReference; lastKnownFileType = text.plist.xml; path = Info.plist; sourceTree = "<group>"; };
		D00494FB29B9124500B3249E /* testEdu1UITests.xctest */ = {isa = PBXFileReference; explicitFileType = wrapper.cfbundle; includeInIndex = 0; path = testEdu1UITests.xctest; sourceTree = BUILT_PRODUCTS_DIR; };
		D00494FD29B9124500B3249E /* testEdu1UITests.swift */ = {isa = PBXFileReference; lastKnownFileType = sourcecode.swift; path = testEdu1UITests.swift; sourceTree = "<group>"; };
/* End PBXFileReference section */

/* Begin PBXFrameworksBuildPhase section */
		D00494CE29B9097E00B3249E /* Frameworks */ = {
			isa = PBXFrameworksBuildPhase;
			buildActionMask = 2147483647;
			files = (
			);
			runOnlyForDeploymentPostprocessing = 0;
		};
		D00494F829B9124500B3249E /* Frameworks */ = {
			isa = PBXFrameworksBuildPhase;
			buildActionMask = 2147483647;
			files = (
			);
			runOnlyForDeploymentPostprocessing = 0;
		};
/* End PBXFrameworksBuildPhase section */

/* Begin PBXGroup section */
		D00494C829B9097E00B3249E = {
			isa = PBXGroup;
			children = (
				D00494D329B9097E00B3249E /* testEdu1 */,
				D00494FC29B9124500B3249E /* testEdu1UITests */,
				D00494D229B9097E00B3249E /* Products */,
			);
			sourceTree = "<group>";
		};
		D00494D229B9097E00B3249E /* Products */ = {
			isa = PBXGroup;
			children = (
				D00494D129B9097E00B3249E /* testEdu1.app */,
				D00494FB29B9124500B3249E /* testEdu1UITests.xctest */,
			);
			name = Products;
			sourceTree = "<group>";
		};
		D00494D329B9097E00B3249E /* testEdu1 */ = {
			isa = PBXGroup;
			children = (
				D00494D429B9097E00B3249E /* AppDelegate.swift */,
				D00494D629B9097E00B3249E /* SceneDelegate.swift */,
				D00494D829B9097E00B3249E /* ViewController.swift */,
				D00494DA29B9097E00B3249E /* Main.storyboard */,
				D00494DD29B9098000B3249E /* Assets.xcassets */,
				D00494DF29B9098000B3249E /* LaunchScreen.storyboard */,
				D00494E229B9098000B3249E /* Info.plist */,
			);
			path = testEdu1;
			sourceTree = "<group>";
		};
		D00494FC29B9124500B3249E /* testEdu1UITests */ = {
			isa = PBXGroup;
			children = (
				D00494FD29B9124500B3249E /* testEdu1UITests.swift */,
			);
			path = testEdu1UITests;
			sourceTree = "<group>";
		};
/* End PBXGroup section */

/* Begin PBXNativeTarget section */
		D00494D029B9097E00B3249E /* testEdu1 */ = {
			isa = PBXNativeTarget;
			buildConfigurationList = D00494E529B9098000B3249E /* Build configuration list for PBXNativeTarget "testEdu1" */;
			buildPhases = (
				D00494CD29B9097E00B3249E /* Sources */,
				D00494CE29B9097E00B3249E /* Frameworks */,
				D00494CF29B9097E00B3249E /* Resources */,
			);
			buildRules = (
			);
			dependencies = (
			);
			name = testEdu1;
			productName = testEdu1;
			productReference = D00494D129B9097E00B3249E /* testEdu1.app */;
			productType = "com.apple.product-type.application";
		};
		D00494FA29B9124500B3249E /* testEdu1UITests */ = {
			isa = PBXNativeTarget;
			buildConfigurationList = D004950529B9124500B3249E /* Build configuration list for PBXNativeTarget "testEdu1UITests" */;
			buildPhases = (
				D00494F729B9124500B3249E /* Sources */,
				D00494F829B9124500B3249E /* Frameworks */,
				D00494F929B9124500B3249E /* Resources */,
			);
			buildRules = (
			);
			dependencies = (
				D004950229B9124500B3249E /* PBXTargetDependency */,
			);
			name = testEdu1UITests;
			productName = testEdu1UITests;
			productReference = D00494FB29B9124500B3249E /* testEdu1UITests.xctest */;
			productType = "com.apple.product-type.bundle.ui-testing";
		};
/* End PBXNativeTarget section */

/* Begin PBXProject section */
		D00494C929B9097E00B3249E /* Project object */ = {
			isa = PBXProject;
			attributes = {
				BuildIndependentTargetsInParallel = 1;
				LastSwiftUpdateCheck = 1410;
				LastUpgradeCheck = 1410;
				TargetAttributes = {
					D00494D029B9097E00B3249E = {
						CreatedOnToolsVersion = 14.1;
					};
					D00494FA29B9124500B3249E = {
						CreatedOnToolsVersion = 14.1;
						TestTargetID = D00494D029B9097E00B3249E;
					};
				};
			};
			buildConfigurationList = D00494CC29B9097E00B3249E /* Build configuration list for PBXProject "testEdu1" */;
			compatibilityVersion = "Xcode 14.0";
			developmentRegion = en;
			hasScannedForEncodings = 0;
			knownRegions = (
				en,
				Base,
			);
			mainGroup = D00494C829B9097E00B3249E;
			productRefGroup = D00494D229B9097E00B3249E /* Products */;
			projectDirPath = "";
			projectRoot = "";
			targets = (
				D00494D029B9097E00B3249E /* testEdu1 */,
				D00494FA29B9124500B3249E /* testEdu1UITests */,
			);
		};
/* End PBXProject section */

/* Begin PBXResourcesBuildPhase section */
		D00494CF29B9097E00B3249E /* Resources */ = {
			isa = PBXResourcesBuildPhase;
			buildActionMask = 2147483647;
			files = (
				D00494E129B9098000B3249E /* LaunchScreen.storyboard in Resources */,
				D00494DE29B9098000B3249E /* Assets.xcassets in Resources */,
				D00494DC29B9097E00B3249E /* Main.storyboard in Resources */,
			);
			runOnlyForDeploymentPostprocessing = 0;
		};
		D00494F929B9124500B3249E /* Resources */ = {
			isa = PBXResourcesBuildPhase;
			buildActionMask = 2147483647;
			files = (
			);
			runOnlyForDeploymentPostprocessing = 0;
		};
/* End PBXResourcesBuildPhase section */

/* Begin PBXSourcesBuildPhase section */
		D00494CD29B9097E00B3249E /* Sources */ = {
			isa = PBXSourcesBuildPhase;
			buildActionMask = 2147483647;
			files = (
				D00494D929B9097E00B3249E /* ViewController.swift in Sources */,
				D00494D529B9097E00B3249E /* AppDelegate.swift in Sources */,
				D00494D729B9097E00B3249E /* SceneDelegate.swift in Sources */,
			);
			runOnlyForDeploymentPostprocessing = 0;
		};
		D00494F729B9124500B3249E /* Sources */ = {
			isa = PBXSourcesBuildPhase;
			buildActionMask = 2147483647;
			files = (
				D00494FE29B9124500B3249E /* testEdu1UITests.swift in Sources */,
			);
			runOnlyForDeploymentPostprocessing = 0;
		};
/* End PBXSourcesBuildPhase section */

/* Begin PBXTargetDependency section */
		D004950229B9124500B3249E /* PBXTargetDependency */ = {
			isa = PBXTargetDependency;
			target = D00494D029B9097E00B3249E /* testEdu1 */;
			targetProxy = D004950129B9124500B3249E /* PBXContainerItemProxy */;
		};
/* End PBXTargetDependency section */

/* Begin PBXVariantGroup section */
		D00494DA29B9097E00B3249E /* Main.storyboard */ = {
			isa = PBXVariantGroup;
			children = (
				D00494DB29B9097E00B3249E /* Base */,
			);
			name = Main.storyboard;
			sourceTree = "<group>";
		};
		D00494DF29B9098000B3249E /* LaunchScreen.storyboard */ = {
			isa = PBXVariantGroup;
			children = (
				D00494E029B9098000B3249E /* Base */,
			);
			name = LaunchScreen.storyboard;
			sourceTree = "<group>";
		};
/* End PBXVariantGroup section */

/* Begin XCBuildConfiguration section */
		D00494E329B9098000B3249E /* Debug */ = {
			isa = XCBuildConfiguration;
			buildSettings = {
				ALWAYS_SEARCH_USER_PATHS = NO;
				CLANG_ANALYZER_NONNULL = YES;
				CLANG_ANALYZER_NUMBER_OBJECT_CONVERSION = YES_AGGRESSIVE;
				CLANG_CXX_LANGUAGE_STANDARD = "gnu++20";
				CLANG_ENABLE_MODULES = YES;
				CLANG_ENABLE_OBJC_ARC = YES;
				CLANG_ENABLE_OBJC_WEAK = YES;
				CLANG_WARN_BLOCK_CAPTURE_AUTORELEASING = YES;
				CLANG_WARN_BOOL_CONVERSION = YES;
				CLANG_WARN_COMMA = YES;
				CLANG_WARN_CONSTANT_CONVERSION = YES;
				CLANG_WARN_DEPRECATED_OBJC_IMPLEMENTATIONS = YES;
				CLANG_WARN_DIRECT_OBJC_ISA_USAGE = YES_ERROR;
				CLANG_WARN_DOCUMENTATION_COMMENTS = YES;
				CLANG_WARN_EMPTY_BODY = YES;
				CLANG_WARN_ENUM_CONVERSION = YES;
				CLANG_WARN_INFINITE_RECURSION = YES;
				CLANG_WARN_INT_CONVERSION = YES;
				CLANG_WARN_NON_LITERAL_NULL_CONVERSION = YES;
				CLANG_WARN_OBJC_IMPLICIT_RETAIN_SELF = YES;
				CLANG_WARN_OBJC_LITERAL_CONVERSION = YES;
				CLANG_WARN_OBJC_ROOT_CLASS = YES_ERROR;
				CLANG_WARN_QUOTED_INCLUDE_IN_FRAMEWORK_HEADER = YES;
				CLANG_WARN_RANGE_LOOP_ANALYSIS = YES;
				CLANG_WARN_STRICT_PROTOTYPES = YES;
				CLANG_WARN_SUSPICIOUS_MOVE = YES;
				CLANG_WARN_UNGUARDED_AVAILABILITY = YES_AGGRESSIVE;
				CLANG_WARN_UNREACHABLE_CODE = YES;
				CLANG_WARN__DUPLICATE_METHOD_MATCH = YES;
				COPY_PHASE_STRIP = NO;
				DEBUG_INFORMATION_FORMAT = dwarf;
				ENABLE_STRICT_OBJC_MSGSEND = YES;
				ENABLE_TESTABILITY = YES;
				GCC_C_LANGUAGE_STANDARD = gnu11;
				GCC_DYNAMIC_NO_PIC = NO;
				GCC_NO_COMMON_BLOCKS = YES;
				GCC_OPTIMIZATION_LEVEL = 0;
				GCC_PREPROCESSOR_DEFINITIONS = (
					"DEBUG=1",
					"$(inherited)",
				);
				GCC_WARN_64_TO_32_BIT_CONVERSION = YES;
				GCC_WARN_ABOUT_RETURN_TYPE = YES_ERROR;
				GCC_WARN_UNDECLARED_SELECTOR = YES;
				GCC_WARN_UNINITIALIZED_AUTOS = YES_AGGRESSIVE;
				GCC_WARN_UNUSED_FUNCTION = YES;
				GCC_WARN_UNUSED_VARIABLE = YES;
				IPHONEOS_DEPLOYMENT_TARGET = 16.1;
				MTL_ENABLE_DEBUG_INFO = INCLUDE_SOURCE;
				MTL_FAST_MATH = YES;
				ONLY_ACTIVE_ARCH = YES;
				SDKROOT = iphoneos;
				SWIFT_ACTIVE_COMPILATION_CONDITIONS = DEBUG;
				SWIFT_OPTIMIZATION_LEVEL = "-Onone";
			};
			name = Debug;
		};
		D00494E429B9098000B3249E /* Release */ = {
			isa = XCBuildConfiguration;
			buildSettings = {
				ALWAYS_SEARCH_USER_PATHS = NO;
				CLANG_ANALYZER_NONNULL = YES;
				CLANG_ANALYZER_NUMBER_OBJECT_CONVERSION = YES_AGGRESSIVE;
				CLANG_CXX_LANGUAGE_STANDARD = "gnu++20";
				CLANG_ENABLE_MODULES = YES;
				CLANG_ENABLE_OBJC_ARC = YES;
				CLANG_ENABLE_OBJC_WEAK = YES;
				CLANG_WARN_BLOCK_CAPTURE_AUTORELEASING = YES;
				CLANG_WARN_BOOL_CONVERSION = YES;
				CLANG_WARN_COMMA = YES;
				CLANG_WARN_CONSTANT_CONVERSION = YES;
				CLANG_WARN_DEPRECATED_OBJC_IMPLEMENTATIONS = YES;
				CLANG_WARN_DIRECT_OBJC_ISA_USAGE = YES_ERROR;
				CLANG_WARN_DOCUMENTATION_COMMENTS = YES;
				CLANG_WARN_EMPTY_BODY = YES;
				CLANG_WARN_ENUM_CONVERSION = YES;
				CLANG_WARN_INFINITE_RECURSION = YES;
				CLANG_WARN_INT_CONVERSION = YES;
				CLANG_WARN_NON_LITERAL_NULL_CONVERSION = YES;
				CLANG_WARN_OBJC_IMPLICIT_RETAIN_SELF = YES;
				CLANG_WARN_OBJC_LITERAL_CONVERSION = YES;
				CLANG_WARN_OBJC_ROOT_CLASS = YES_ERROR;
				CLANG_WARN_QUOTED_INCLUDE_IN_FRAMEWORK_HEADER = YES;
				CLANG_WARN_RANGE_LOOP_ANALYSIS = YES;
				CLANG_WARN_STRICT_PROTOTYPES = YES;
				CLANG_WARN_SUSPICIOUS_MOVE = YES;
				CLANG_WARN_UNGUARDED_AVAILABILITY = YES_AGGRESSIVE;
				CLANG_WARN_UNREACHABLE_CODE = YES;
				CLANG_WARN__DUPLICATE_METHOD_MATCH = YES;
				COPY_PHASE_STRIP = NO;
				DEBUG_INFORMATION_FORMAT = "dwarf-with-dsym";
				ENABLE_NS_ASSERTIONS = NO;
				ENABLE_STRICT_OBJC_MSGSEND = YES;
				GCC_C_LANGUAGE_STANDARD = gnu11;
				GCC_NO_COMMON_BLOCKS = YES;
				GCC_WARN_64_TO_32_BIT_CONVERSION = YES;
				GCC_WARN_ABOUT_RETURN_TYPE = YES_ERROR;
				GCC_WARN_UNDECLARED_SELECTOR = YES;
				GCC_WARN_UNINITIALIZED_AUTOS = YES_AGGRESSIVE;
				GCC_WARN_UNUSED_FUNCTION = YES;
				GCC_WARN_UNUSED_VARIABLE = YES;
				IPHONEOS_DEPLOYMENT_TARGET = 16.1;
				MTL_ENABLE_DEBUG_INFO = NO;
				MTL_FAST_MATH = YES;
				SDKROOT = iphoneos;
				SWIFT_COMPILATION_MODE = wholemodule;
				SWIFT_OPTIMIZATION_LEVEL = "-O";
				VALIDATE_PRODUCT = YES;
			};
			name = Release;
		};
		D00494E629B9098000B3249E /* Debug */ = {
			isa = XCBuildConfiguration;
			buildSettings = {
				ASSETCATALOG_COMPILER_APPICON_NAME = AppIcon;
				ASSETCATALOG_COMPILER_GLOBAL_ACCENT_COLOR_NAME = AccentColor;
				CODE_SIGN_STYLE = Automatic;
				CURRENT_PROJECT_VERSION = 1;
				DEVELOPMENT_TEAM = NWPRVKCK8X;
				GENERATE_INFOPLIST_FILE = YES;
				INFOPLIST_FILE = testEdu1/Info.plist;
				INFOPLIST_KEY_UIApplicationSupportsIndirectInputEvents = YES;
				INFOPLIST_KEY_UILaunchStoryboardName = LaunchScreen;
				INFOPLIST_KEY_UIMainStoryboardFile = Main;
				INFOPLIST_KEY_UISupportedInterfaceOrientations_iPad = "UIInterfaceOrientationPortrait UIInterfaceOrientationPortraitUpsideDown UIInterfaceOrientationLandscapeLeft UIInterfaceOrientationLandscapeRight";
				INFOPLIST_KEY_UISupportedInterfaceOrientations_iPhone = "UIInterfaceOrientationPortrait UIInterfaceOrientationLandscapeLeft UIInterfaceOrientationLandscapeRight";
				LD_RUNPATH_SEARCH_PATHS = (
					"$(inherited)",
					"@executable_path/Frameworks",
				);
				MARKETING_VERSION = 1.0;
				PRODUCT_BUNDLE_IDENTIFIER = Kavars.testEdu1;
				PRODUCT_NAME = "$(TARGET_NAME)";
				SWIFT_EMIT_LOC_STRINGS = YES;
				SWIFT_VERSION = 5.0;
				TARGETED_DEVICE_FAMILY = "1,2";
			};
			name = Debug;
		};
		D00494E729B9098000B3249E /* Release */ = {
			isa = XCBuildConfiguration;
			buildSettings = {
				ASSETCATALOG_COMPILER_APPICON_NAME = AppIcon;
				ASSETCATALOG_COMPILER_GLOBAL_ACCENT_COLOR_NAME = AccentColor;
				CODE_SIGN_STYLE = Automatic;
				CURRENT_PROJECT_VERSION = 1;
				DEVELOPMENT_TEAM = NWPRVKCK8X;
				GENERATE_INFOPLIST_FILE = YES;
				INFOPLIST_FILE = testEdu1/Info.plist;
				INFOPLIST_KEY_UIApplicationSupportsIndirectInputEvents = YES;
				INFOPLIST_KEY_UILaunchStoryboardName = LaunchScreen;
				INFOPLIST_KEY_UIMainStoryboardFile = Main;
				INFOPLIST_KEY_UISupportedInterfaceOrientations_iPad = "UIInterfaceOrientationPortrait UIInterfaceOrientationPortraitUpsideDown UIInterfaceOrientationLandscapeLeft UIInterfaceOrientationLandscapeRight";
				INFOPLIST_KEY_UISupportedInterfaceOrientations_iPhone = "UIInterfaceOrientationPortrait UIInterfaceOrientationLandscapeLeft UIInterfaceOrientationLandscapeRight";
				LD_RUNPATH_SEARCH_PATHS = (
					"$(inherited)",
					"@executable_path/Frameworks",
				);
				MARKETING_VERSION = 1.0;
				PRODUCT_BUNDLE_IDENTIFIER = Kavars.testEdu1;
				PRODUCT_NAME = "$(TARGET_NAME)";
				SWIFT_EMIT_LOC_STRINGS = YES;
				SWIFT_VERSION = 5.0;
				TARGETED_DEVICE_FAMILY = "1,2";
			};
			name = Release;
		};
		D004950329B9124500B3249E /* Debug */ = {
			isa = XCBuildConfiguration;
			buildSettings = {
				CODE_SIGN_STYLE = Automatic;
				CURRENT_PROJECT_VERSION = 1;
				DEVELOPMENT_TEAM = NWPRVKCK8X;
				GENERATE_INFOPLIST_FILE = YES;
				MARKETING_VERSION = 1.0;
				PRODUCT_BUNDLE_IDENTIFIER = Kavars.testEdu1UITests;
				PRODUCT_NAME = "$(TARGET_NAME)";
				SWIFT_EMIT_LOC_STRINGS = NO;
				SWIFT_VERSION = 5.0;
				TARGETED_DEVICE_FAMILY = "1,2";
				TEST_TARGET_NAME = testEdu1;
			};
			name = Debug;
		};
		D004950429B9124500B3249E /* Release */ = {
			isa = XCBuildConfiguration;
			buildSettings = {
				CODE_SIGN_STYLE = Automatic;
				CURRENT_PROJECT_VERSION = 1;
				DEVELOPMENT_TEAM = NWPRVKCK8X;
				GENERATE_INFOPLIST_FILE = YES;
				MARKETING_VERSION = 1.0;
				PRODUCT_BUNDLE_IDENTIFIER = Kavars.testEdu1UITests;
				PRODUCT_NAME = "$(TARGET_NAME)";
				SWIFT_EMIT_LOC_STRINGS = NO;
				SWIFT_VERSION = 5.0;
				TARGETED_DEVICE_FAMILY = "1,2";
				TEST_TARGET_NAME = testEdu1;
			};
			name = Release;
		};
/* End XCBuildConfiguration section */

/* Begin XCConfigurationList section */
		D00494CC29B9097E00B3249E /* Build configuration list for PBXProject "testEdu1" */ = {
			isa = XCConfigurationList;
			buildConfigurations = (
				D00494E329B9098000B3249E /* Debug */,
				D00494E429B9098000B3249E /* Release */,
			);
			defaultConfigurationIsVisible = 0;
			defaultConfigurationName = Release;
		};
		D00494E529B9098000B3249E /* Build configuration list for PBXNativeTarget "testEdu1" */ = {
			isa = XCConfigurationList;
			buildConfigurations = (
				D00494E629B9098000B3249E /* Debug */,
				D00494E729B9098000B3249E /* Release */,
			);
			defaultConfigurationIsVisible = 0;
			defaultConfigurationName = Release;
		};
		D004950529B9124500B3249E /* Build configuration list for PBXNativeTarget "testEdu1UITests" */ = {
			isa = XCConfigurationList;
			buildConfigurations = (
				D004950329B9124500B3249E /* Debug */,
				D004950429B9124500B3249E /* Release */,
			);
			defaultConfigurationIsVisible = 0;
			defaultConfigurationName = Release;
		};
/* End XCConfigurationList section */
	};
	rootObject = D00494C929B9097E00B3249E /* Project object */;
}
